// !$*UTF8*$!
{
	archiveVersion = 1;
	classes = {
	};
	objectVersion = 50;
	objects = {

/* Begin PBXBuildFile section */
		84B4DE8F246025130006972D /* AppDelegate.swift in Sources */ = {isa = PBXBuildFile; fileRef = 84B4DE8E246025130006972D /* AppDelegate.swift */; };
		84B4DE91246025130006972D /* SceneDelegate.swift in Sources */ = {isa = PBXBuildFile; fileRef = 84B4DE90246025130006972D /* SceneDelegate.swift */; };
		84B4DE93246025130006972D /* ViewController.swift in Sources */ = {isa = PBXBuildFile; fileRef = 84B4DE92246025130006972D /* ViewController.swift */; };
		84B4DE96246025130006972D /* Main.storyboard in Resources */ = {isa = PBXBuildFile; fileRef = 84B4DE94246025130006972D /* Main.storyboard */; };
		84B4DE99246025130006972D /* LS2HW3.xcdatamodeld in Sources */ = {isa = PBXBuildFile; fileRef = 84B4DE97246025130006972D /* LS2HW3.xcdatamodeld */; };
		84B4DE9B246025160006972D /* Assets.xcassets in Resources */ = {isa = PBXBuildFile; fileRef = 84B4DE9A246025160006972D /* Assets.xcassets */; };
		84B4DE9E246025160006972D /* LaunchScreen.storyboard in Resources */ = {isa = PBXBuildFile; fileRef = 84B4DE9C246025160006972D /* LaunchScreen.storyboard */; };
/* End PBXBuildFile section */

/* Begin PBXFileReference section */
		84B4DE8B246025130006972D /* LS2HW3.app */ = {isa = PBXFileReference; explicitFileType = wrapper.application; includeInIndex = 0; path = LS2HW3.app; sourceTree = BUILT_PRODUCTS_DIR; };
		84B4DE8E246025130006972D /* AppDelegate.swift */ = {isa = PBXFileReference; lastKnownFileType = sourcecode.swift; path = AppDelegate.swift; sourceTree = "<group>"; };
		84B4DE90246025130006972D /* SceneDelegate.swift */ = {isa = PBXFileReference; lastKnownFileType = sourcecode.swift; path = SceneDelegate.swift; sourceTree = "<group>"; };
		84B4DE92246025130006972D /* ViewController.swift */ = {isa = PBXFileReference; lastKnownFileType = sourcecode.swift; path = ViewController.swift; sourceTree = "<group>"; };
		84B4DE95246025130006972D /* Base */ = {isa = PBXFileReference; lastKnownFileType = file.storyboard; name = Base; path = Base.lproj/Main.storyboard; sourceTree = "<group>"; };
		84B4DE98246025130006972D /* LS2HW3.xcdatamodel */ = {isa = PBXFileReference; lastKnownFileType = wrapper.xcdatamodel; path = LS2HW3.xcdatamodel; sourceTree = "<group>"; };
		84B4DE9A246025160006972D /* Assets.xcassets */ = {isa = PBXFileReference; lastKnownFileType = folder.assetcatalog; path = Assets.xcassets; sourceTree = "<group>"; };
		84B4DE9D246025160006972D /* Base */ = {isa = PBXFileReference; lastKnownFileType = file.storyboard; name = Base; path = Base.lproj/LaunchScreen.storyboard; sourceTree = "<group>"; };
		84B4DE9F246025160006972D /* Info.plist */ = {isa = PBXFileReference; lastKnownFileType = text.plist.xml; path = Info.plist; sourceTree = "<group>"; };
/* End PBXFileReference section */

/* Begin PBXFrameworksBuildPhase section */
		84B4DE88246025130006972D /* Frameworks */ = {
			isa = PBXFrameworksBuildPhase;
			buildActionMask = 2147483647;
			files = (
			);
			runOnlyForDeploymentPostprocessing = 0;
		};
/* End PBXFrameworksBuildPhase section */

/* Begin PBXGroup section */
		84B4DE82246025130006972D = {
			isa = PBXGroup;
			children = (
				84B4DE8D246025130006972D /* LS2HW3 */,
				84B4DE8C246025130006972D /* Products */,
			);
			sourceTree = "<group>";
		};
		84B4DE8C246025130006972D /* Products */ = {
			isa = PBXGroup;
			children = (
				84B4DE8B246025130006972D /* LS2HW3.app */,
			);
			name = Products;
			sourceTree = "<group>";
		};
		84B4DE8D246025130006972D /* LS2HW3 */ = {
			isa = PBXGroup;
			children = (
				84B4DE8E246025130006972D /* AppDelegate.swift */,
				84B4DE90246025130006972D /* SceneDelegate.swift */,
				84B4DE92246025130006972D /* ViewController.swift */,
				84B4DE94246025130006972D /* Main.storyboard */,
				84B4DE9A246025160006972D /* Assets.xcassets */,
				84B4DE9C246025160006972D /* LaunchScreen.storyboard */,
				84B4DE9F246025160006972D /* Info.plist */,
				84B4DE97246025130006972D /* LS2HW3.xcdatamodeld */,
			);
			path = LS2HW3;
			sourceTree = "<group>";
		};
/* End PBXGroup section */

/* Begin PBXNativeTarget section */
		84B4DE8A246025130006972D /* LS2HW3 */ = {
			isa = PBXNativeTarget;
			buildConfigurationList = 84B4DEA2246025160006972D /* Build configuration list for PBXNativeTarget "LS2HW3" */;
			buildPhases = (
				84B4DE87246025130006972D /* Sources */,
				84B4DE88246025130006972D /* Frameworks */,
				84B4DE89246025130006972D /* Resources */,
			);
			buildRules = (
			);
			dependencies = (
			);
			name = LS2HW3;
			productName = LS2HW3;
			productReference = 84B4DE8B246025130006972D /* LS2HW3.app */;
			productType = "com.apple.product-type.application";
		};
/* End PBXNativeTarget section */

/* Begin PBXProject section */
		84B4DE83246025130006972D /* Project object */ = {
			isa = PBXProject;
			attributes = {
				LastSwiftUpdateCheck = 1140;
				LastUpgradeCheck = 1140;
				ORGANIZATIONNAME = "Viktor Riga";
				TargetAttributes = {
					84B4DE8A246025130006972D = {
						CreatedOnToolsVersion = 11.4.1;
					};
				};
			};
			buildConfigurationList = 84B4DE86246025130006972D /* Build configuration list for PBXProject "LS2HW3" */;
			compatibilityVersion = "Xcode 9.3";
			developmentRegion = en;
			hasScannedForEncodings = 0;
			knownRegions = (
				en,
				Base,
			);
			mainGroup = 84B4DE82246025130006972D;
			productRefGroup = 84B4DE8C246025130006972D /* Products */;
			projectDirPath = "";
			projectRoot = "";
			targets = (
				84B4DE8A246025130006972D /* LS2HW3 */,
			);
		};
/* End PBXProject section */

/* Begin PBXResourcesBuildPhase section */
		84B4DE89246025130006972D /* Resources */ = {
			isa = PBXResourcesBuildPhase;
			buildActionMask = 2147483647;
			files = (
				84B4DE9E246025160006972D /* LaunchScreen.storyboard in Resources */,
				84B4DE9B246025160006972D /* Assets.xcassets in Resources */,
				84B4DE96246025130006972D /* Main.storyboard in Resources */,
			);
			runOnlyForDeploymentPostprocessing = 0;
		};
/* End PBXResourcesBuildPhase section */

/* Begin PBXSourcesBuildPhase section */
		84B4DE87246025130006972D /* Sources */ = {
			isa = PBXSourcesBuildPhase;
			buildActionMask = 2147483647;
			files = (
				84B4DE93246025130006972D /* ViewController.swift in Sources */,
				84B4DE8F246025130006972D /* AppDelegate.swift in Sources */,
				84B4DE99246025130006972D /* LS2HW3.xcdatamodeld in Sources */,
				84B4DE91246025130006972D /* SceneDelegate.swift in Sources */,
			);
			runOnlyForDeploymentPostprocessing = 0;
		};
/* End PBXSourcesBuildPhase section */

/* Begin PBXVariantGroup section */
		84B4DE94246025130006972D /* Main.storyboard */ = {
			isa = PBXVariantGroup;
			children = (
				84B4DE95246025130006972D /* Base */,
			);
			name = Main.storyboard;
			sourceTree = "<group>";
		};
		84B4DE9C246025160006972D /* LaunchScreen.storyboard */ = {
			isa = PBXVariantGroup;
			children = (
				84B4DE9D246025160006972D /* Base */,
			);
			name = LaunchScreen.storyboard;
			sourceTree = "<group>";
		};
/* End PBXVariantGroup section */

/* Begin XCBuildConfiguration section */
		84B4DEA0246025160006972D /* Debug */ = {
			isa = XCBuildConfiguration;
			buildSettings = {
				ALWAYS_SEARCH_USER_PATHS = NO;
				CLANG_ANALYZER_NONNULL = YES;
				CLANG_ANALYZER_NUMBER_OBJECT_CONVERSION = YES_AGGRESSIVE;
				CLANG_CXX_LANGUAGE_STANDARD = "gnu++14";
				CLANG_CXX_LIBRARY = "libc++";
				CLANG_ENABLE_MODULES = YES;
				CLANG_ENABLE_OBJC_ARC = YES;
				CLANG_ENABLE_OBJC_WEAK = YES;
				CLANG_WARN_BLOCK_CAPTURE_AUTORELEASING = YES;
				CLANG_WARN_BOOL_CONVERSION = YES;
				CLANG_WARN_COMMA = YES;
				CLANG_WARN_CONSTANT_CONVERSION = YES;
				CLANG_WARN_DEPRECATED_OBJC_IMPLEMENTATIONS = YES;
				CLANG_WARN_DIRECT_OBJC_ISA_USAGE = YES_ERROR;
				CLANG_WARN_DOCUMENTATION_COMMENTS = YES;
				CLANG_WARN_EMPTY_BODY = YES;
				CLANG_WARN_ENUM_CONVERSION = YES;
				CLANG_WARN_INFINITE_RECURSION = YES;
				CLANG_WARN_INT_CONVERSION = YES;
				CLANG_WARN_NON_LITERAL_NULL_CONVERSION = YES;
				CLANG_WARN_OBJC_IMPLICIT_RETAIN_SELF = YES;
				CLANG_WARN_OBJC_LITERAL_CONVERSION = YES;
				CLANG_WARN_OBJC_ROOT_CLASS = YES_ERROR;
				CLANG_WARN_RANGE_LOOP_ANALYSIS = YES;
				CLANG_WARN_STRICT_PROTOTYPES = YES;
				CLANG_WARN_SUSPICIOUS_MOVE = YES;
				CLANG_WARN_UNGUARDED_AVAILABILITY = YES_AGGRESSIVE;
				CLANG_WARN_UNREACHABLE_CODE = YES;
				CLANG_WARN__DUPLICATE_METHOD_MATCH = YES;
				COPY_PHASE_STRIP = NO;
				DEBUG_INFORMATION_FORMAT = dwarf;
				ENABLE_STRICT_OBJC_MSGSEND = YES;
				ENABLE_TESTABILITY = YES;
				GCC_C_LANGUAGE_STANDARD = gnu11;
				GCC_DYNAMIC_NO_PIC = NO;
				GCC_NO_COMMON_BLOCKS = YES;
				GCC_OPTIMIZATION_LEVEL = 0;
				GCC_PREPROCESSOR_DEFINITIONS = (
					"DEBUG=1",
					"$(inherited)",
				);
				GCC_WARN_64_TO_32_BIT_CONVERSION = YES;
				GCC_WARN_ABOUT_RETURN_TYPE = YES_ERROR;
				GCC_WARN_UNDECLARED_SELECTOR = YES;
				GCC_WARN_UNINITIALIZED_AUTOS = YES_AGGRESSIVE;
				GCC_WARN_UNUSED_FUNCTION = YES;
				GCC_WARN_UNUSED_VARIABLE = YES;
				IPHONEOS_DEPLOYMENT_TARGET = 13.4;
				MTL_ENABLE_DEBUG_INFO = INCLUDE_SOURCE;
				MTL_FAST_MATH = YES;
				ONLY_ACTIVE_ARCH = YES;
				SDKROOT = iphoneos;
				SWIFT_ACTIVE_COMPILATION_CONDITIONS = DEBUG;
				SWIFT_OPTIMIZATION_LEVEL = "-Onone";
			};
			name = Debug;
		};
		84B4DEA1246025160006972D /* Release */ = {
			isa = XCBuildConfiguration;
			buildSettings = {
				ALWAYS_SEARCH_USER_PATHS = NO;
				CLANG_ANALYZER_NONNULL = YES;
				CLANG_ANALYZER_NUMBER_OBJECT_CONVERSION = YES_AGGRESSIVE;
				CLANG_CXX_LANGUAGE_STANDARD = "gnu++14";
				CLANG_CXX_LIBRARY = "libc++";
				CLANG_ENABLE_MODULES = YES;
				CLANG_ENABLE_OBJC_ARC = YES;
				CLANG_ENABLE_OBJC_WEAK = YES;
				CLANG_WARN_BLOCK_CAPTURE_AUTORELEASING = YES;
				CLANG_WARN_BOOL_CONVERSION = YES;
				CLANG_WARN_COMMA = YES;
				CLANG_WARN_CONSTANT_CONVERSION = YES;
				CLANG_WARN_DEPRECATED_OBJC_IMPLEMENTATIONS = YES;
				CLANG_WARN_DIRECT_OBJC_ISA_USAGE = YES_ERROR;
				CLANG_WARN_DOCUMENTATION_COMMENTS = YES;
				CLANG_WARN_EMPTY_BODY = YES;
				CLANG_WARN_ENUM_CONVERSION = YES;
				CLANG_WARN_INFINITE_RECURSION = YES;
				CLANG_WARN_INT_CONVERSION = YES;
				CLANG_WARN_NON_LITERAL_NULL_CONVERSION = YES;
				CLANG_WARN_OBJC_IMPLICIT_RETAIN_SELF = YES;
				CLANG_WARN_OBJC_LITERAL_CONVERSION = YES;
				CLANG_WARN_OBJC_ROOT_CLASS = YES_ERROR;
				CLANG_WARN_RANGE_LOOP_ANALYSIS = YES;
				CLANG_WARN_STRICT_PROTOTYPES = YES;
				CLANG_WARN_SUSPICIOUS_MOVE = YES;
				CLANG_WARN_UNGUARDED_AVAILABILITY = YES_AGGRESSIVE;
				CLANG_WARN_UNREACHABLE_CODE = YES;
				CLANG_WARN__DUPLICATE_METHOD_MATCH = YES;
				COPY_PHASE_STRIP = NO;
				DEBUG_INFORMATION_FORMAT = "dwarf-with-dsym";
				ENABLE_NS_ASSERTIONS = NO;
				ENABLE_STRICT_OBJC_MSGSEND = YES;
				GCC_C_LANGUAGE_STANDARD = gnu11;
				GCC_NO_COMMON_BLOCKS = YES;
				GCC_WARN_64_TO_32_BIT_CONVERSION = YES;
				GCC_WARN_ABOUT_RETURN_TYPE = YES_ERROR;
				GCC_WARN_UNDECLARED_SELECTOR = YES;
				GCC_WARN_UNINITIALIZED_AUTOS = YES_AGGRESSIVE;
				GCC_WARN_UNUSED_FUNCTION = YES;
				GCC_WARN_UNUSED_VARIABLE = YES;
				IPHONEOS_DEPLOYMENT_TARGET = 13.4;
				MTL_ENABLE_DEBUG_INFO = NO;
				MTL_FAST_MATH = YES;
				SDKROOT = iphoneos;
				SWIFT_COMPILATION_MODE = wholemodule;
				SWIFT_OPTIMIZATION_LEVEL = "-O";
				VALIDATE_PRODUCT = YES;
			};
			name = Release;
		};
		84B4DEA3246025160006972D /* Debug */ = {
			isa = XCBuildConfiguration;
			buildSettings = {
				ASSETCATALOG_COMPILER_APPICON_NAME = AppIcon;
				CODE_SIGN_STYLE = Automatic;
				DEVELOPMENT_TEAM = J2WT7366K5;
				INFOPLIST_FILE = LS2HW3/Info.plist;
				LD_RUNPATH_SEARCH_PATHS = (
					"$(inherited)",
					"@executable_path/Frameworks",
				);
				PRODUCT_BUNDLE_IDENTIFIER = com.home.LS2HW3;
				PRODUCT_NAME = "$(TARGET_NAME)";
				SWIFT_VERSION = 5.0;
				TARGETED_DEVICE_FAMILY = 1;
			};
			name = Debug;
		};
		84B4DEA4246025160006972D /* Release */ = {
			isa = XCBuildConfiguration;
			buildSettings = {
				ASSETCATALOG_COMPILER_APPICON_NAME = AppIcon;
				CODE_SIGN_STYLE = Automatic;
				DEVELOPMENT_TEAM = J2WT7366K5;
				INFOPLIST_FILE = LS2HW3/Info.plist;
				LD_RUNPATH_SEARCH_PATHS = (
					"$(inherited)",
					"@executable_path/Frameworks",
				);
				PRODUCT_BUNDLE_IDENTIFIER = com.home.LS2HW3;
				PRODUCT_NAME = "$(TARGET_NAME)";
				SWIFT_VERSION = 5.0;
				TARGETED_DEVICE_FAMILY = 1;
			};
			name = Release;
		};
/* End XCBuildConfiguration section */

/* Begin XCConfigurationList section */
		84B4DE86246025130006972D /* Build configuration list for PBXProject "LS2HW3" */ = {
			isa = XCConfigurationList;
			buildConfigurations = (
				84B4DEA0246025160006972D /* Debug */,
				84B4DEA1246025160006972D /* Release */,
			);
			defaultConfigurationIsVisible = 0;
			defaultConfigurationName = Release;
		};
		84B4DEA2246025160006972D /* Build configuration list for PBXNativeTarget "LS2HW3" */ = {
			isa = XCConfigurationList;
			buildConfigurations = (
				84B4DEA3246025160006972D /* Debug */,
				84B4DEA4246025160006972D /* Release */,
			);
			defaultConfigurationIsVisible = 0;
			defaultConfigurationName = Release;
		};
/* End XCConfigurationList section */

/* Begin XCVersionGroup section */
		84B4DE97246025130006972D /* LS2HW3.xcdatamodeld */ = {
			isa = XCVersionGroup;
			children = (
				84B4DE98246025130006972D /* LS2HW3.xcdatamodel */,
			);
			currentVersion = 84B4DE98246025130006972D /* LS2HW3.xcdatamodel */;
			path = LS2HW3.xcdatamodeld;
			sourceTree = "<group>";
			versionGroupType = wrapper.xcdatamodel;
		};
/* End XCVersionGroup section */
	};
	rootObject = 84B4DE83246025130006972D /* Project object */;
}
